
Microsoft Visual Studio Solution File, Format Version 12.00
# Visual Studio Version 17
VisualStudioVersion = 17.14.36203.30
MinimumVisualStudioVersion = 10.0.40219.1
Project("{FAE04EC0-301F-11D3-BF4B-00C04F79EFBC}") = "GospelReachCapstone", "GospelReachCapstone.csproj", "{20CA14CA-80E1-4758-81A8-F582A2ED3C1F}"
EndProject
Global
	GlobalSection(SolutionConfigurationPlatforms) = preSolution
		Debug|Any CPU = Debug|Any CPU
		Release|Any CPU = Release|Any CPU
	EndGlobalSection
	GlobalSection(ProjectConfigurationPlatforms) = postSolution
		{20CA14CA-80E1-4758-81A8-F582A2ED3C1F}.Debug|Any CPU.ActiveCfg = Debug|Any CPU
		{20CA14CA-80E1-4758-81A8-F582A2ED3C1F}.Debug|Any CPU.Build.0 = Debug|Any CPU
		{20CA14CA-80E1-4758-81A8-F582A2ED3C1F}.Release|Any CPU.ActiveCfg = Release|Any CPU
		{20CA14CA-80E1-4758-81A8-F582A2ED3C1F}.Release|Any CPU.Build.0 = Release|Any CPU
	EndGlobalSection
	GlobalSection(SolutionProperties) = preSolution
		HideSolutionNode = FALSE
	EndGlobalSection
	GlobalSection(ExtensibilityGlobals) = postSolution
		SolutionGuid = {E059BF13-06D6-4CCE-84C5-BD8F6782E806}
	EndGlobalSection
EndGlobal
